
Microsoft Visual Studio Solution File, Format Version 12.00
# Visual Studio 15
VisualStudioVersion = 15.0.27703.2035
MinimumVisualStudioVersion = 10.0.40219.1
Project("{FAE04EC0-301F-11D3-BF4B-00C04F79EFBC}") = "Task01_Shapes", "Task01_Shapes\Task01_Shapes.csproj", "{A66AF253-FFFA-4C6F-9883-081780BF6621}"
EndProject
Project("{FAE04EC0-301F-11D3-BF4B-00C04F79EFBC}") = "Task02_Vector", "Task02_Vector\Task02_Vector.csproj", "{1A0EAAB1-92D9-423C-A299-B72F001451B7}"
EndProject
Global
	GlobalSection(SolutionConfigurationPlatforms) = preSolution
		Debug|Any CPU = Debug|Any CPU
		Release|Any CPU = Release|Any CPU
	EndGlobalSection
	GlobalSection(ProjectConfigurationPlatforms) = postSolution
		{A66AF253-FFFA-4C6F-9883-081780BF6621}.Debug|Any CPU.ActiveCfg = Debug|Any CPU
		{A66AF253-FFFA-4C6F-9883-081780BF6621}.Debug|Any CPU.Build.0 = Debug|Any CPU
		{A66AF253-FFFA-4C6F-9883-081780BF6621}.Release|Any CPU.ActiveCfg = Release|Any CPU
		{A66AF253-FFFA-4C6F-9883-081780BF6621}.Release|Any CPU.Build.0 = Release|Any CPU
		{1A0EAAB1-92D9-423C-A299-B72F001451B7}.Debug|Any CPU.ActiveCfg = Debug|Any CPU
		{1A0EAAB1-92D9-423C-A299-B72F001451B7}.Debug|Any CPU.Build.0 = Debug|Any CPU
		{1A0EAAB1-92D9-423C-A299-B72F001451B7}.Release|Any CPU.ActiveCfg = Release|Any CPU
		{1A0EAAB1-92D9-423C-A299-B72F001451B7}.Release|Any CPU.Build.0 = Release|Any CPU
	EndGlobalSection
	GlobalSection(SolutionProperties) = preSolution
		HideSolutionNode = FALSE
	EndGlobalSection
	GlobalSection(ExtensibilityGlobals) = postSolution
		SolutionGuid = {734A9EE2-537F-49BC-AF11-231CEAF107BF}
	EndGlobalSection
EndGlobal
